
Microsoft Visual Studio Solution File, Format Version 12.00
# Visual Studio Express 2012 for Web
Project("{F2A71F9B-5D33-465A-A702-920D77279786}") = "MazeSolver", "MazeSolver.fsproj", "{743571D3-C4CE-41EE-BC89-597690D7DD9A}"
EndProject
Project("{2150E333-8FDC-42A3-9474-1A3956D46DE8}") = ".nuget", ".nuget", "{0B9A885F-36AB-4AA3-80AB-4E7CE301BA33}"
	ProjectSection(SolutionItems) = preProject
		.nuget\packages.config = .nuget\packages.config
	EndProjectSection
EndProject
Global
	GlobalSection(SolutionConfigurationPlatforms) = preSolution
		Debug|Any CPU = Debug|Any CPU
		Release|Any CPU = Release|Any CPU
	EndGlobalSection
	GlobalSection(ProjectConfigurationPlatforms) = postSolution
		{743571D3-C4CE-41EE-BC89-597690D7DD9A}.Debug|Any CPU.ActiveCfg = Debug|Any CPU
		{743571D3-C4CE-41EE-BC89-597690D7DD9A}.Debug|Any CPU.Build.0 = Debug|Any CPU
		{743571D3-C4CE-41EE-BC89-597690D7DD9A}.Release|Any CPU.ActiveCfg = Release|Any CPU
		{743571D3-C4CE-41EE-BC89-597690D7DD9A}.Release|Any CPU.Build.0 = Release|Any CPU
	EndGlobalSection
	GlobalSection(SolutionProperties) = preSolution
		HideSolutionNode = FALSE
	EndGlobalSection
EndGlobal
